Microsoft Visual Studio Solution File, Format Version 12.00
# Visual Studio Version 17
VisualStudioVersion = 17.0.31903.59
MinimumVisualStudioVersion = 10.0.40219.1
Project("{FAE04EC0-301F-11D3-BF4B-00C04F79EFBC}") = "Atlas", "src\Atlas\Atlas.csproj", "{3E38727C-4AC1-443E-9461-19F928AF344D}"
EndProject
Project("{FAE04EC0-301F-11D3-BF4B-00C04F79EFBC}") = "Atlas.Tests", "tests\Atlas.Tests\Atlas.Tests.csproj", "{C3CC3040-C805-48B1-80AE-CA0B1E3FB67A}"
EndProject
Global
	GlobalSection(SolutionConfigurationPlatforms) = preSolution
		Debug|Any CPU = Debug|Any CPU
		Release|Any CPU = Release|Any CPU
	EndGlobalSection
	GlobalSection(ProjectConfigurationPlatforms) = postSolution
		{3E38727C-4AC1-443E-9461-19F928AF344D}.Debug|Any CPU.ActiveCfg = Debug|Any CPU
		{3E38727C-4AC1-443E-9461-19F928AF344D}.Debug|Any CPU.Build.0 = Debug|Any CPU
		{3E38727C-4AC1-443E-9461-19F928AF344D}.Release|Any CPU.ActiveCfg = Release|Any CPU
		{3E38727C-4AC1-443E-9461-19F928AF344D}.Release|Any CPU.Build.0 = Release|Any CPU
		{C3CC3040-C805-48B1-80AE-CA0B1E3FB67A}.Debug|Any CPU.ActiveCfg = Debug|Any CPU
		{C3CC3040-C805-48B1-80AE-CA0B1E3FB67A}.Debug|Any CPU.Build.0 = Debug|Any CPU
		{C3CC3040-C805-48B1-80AE-CA0B1E3FB67A}.Release|Any CPU.ActiveCfg = Release|Any CPU
		{C3CC3040-C805-48B1-80AE-CA0B1E3FB67A}.Release|Any CPU.Build.0 = Release|Any CPU
	EndGlobalSection
	GlobalSection(SolutionProperties) = preSolution
		HideSolutionNode = FALSE
	EndGlobalSection
	GlobalSection(ExtensibilityGlobals) = postSolution
		SolutionGuid = {AA3E69BB-606D-4ED2-B800-6C2D97F17DFD}
	EndGlobalSection
EndGlobal
